
Microsoft Visual Studio Solution File, Format Version 12.00
# Visual Studio Version 16
VisualStudioVersion = 16.0.29519.87
MinimumVisualStudioVersion = 10.0.40219.1
Project("{FAE04EC0-301F-11D3-BF4B-00C04F79EFBC}") = "JsonCom", "JsonCom\JsonCom.csproj", "{254C72E2-A791-46D5-9C56-CD1A137556BC}"
EndProject
Global
	GlobalSection(SolutionConfigurationPlatforms) = preSolution
		Debug|Any CPU = Debug|Any CPU
		Release|Any CPU = Release|Any CPU
	EndGlobalSection
	GlobalSection(ProjectConfigurationPlatforms) = postSolution
		{254C72E2-A791-46D5-9C56-CD1A137556BC}.Debug|Any CPU.ActiveCfg = Debug|Any CPU
		{254C72E2-A791-46D5-9C56-CD1A137556BC}.Debug|Any CPU.Build.0 = Debug|Any CPU
		{254C72E2-A791-46D5-9C56-CD1A137556BC}.Release|Any CPU.ActiveCfg = Release|Any CPU
		{254C72E2-A791-46D5-9C56-CD1A137556BC}.Release|Any CPU.Build.0 = Release|Any CPU
	EndGlobalSection
	GlobalSection(SolutionProperties) = preSolution
		HideSolutionNode = FALSE
	EndGlobalSection
	GlobalSection(ExtensibilityGlobals) = postSolution
		SolutionGuid = {98506FEA-5EFF-4525-A3EA-2B5D68230F9D}
	EndGlobalSection
EndGlobal
